
Microsoft Visual Studio Solution File, Format Version 12.00
# Visual Studio Version 17
VisualStudioVersion = 17.11.35431.28
MinimumVisualStudioVersion = 10.0.40219.1
Project("{9A19103F-16F7-4668-BE54-9A1E7A4F7556}") = "CandyStoreApp", "CandyStoreApp.csproj", "{C54DB552-69ED-4680-8763-BC7D946708AB}"
EndProject
Global
	GlobalSection(SolutionConfigurationPlatforms) = preSolution
		Debug|Any CPU = Debug|Any CPU
		Release|Any CPU = Release|Any CPU
	EndGlobalSection
	GlobalSection(ProjectConfigurationPlatforms) = postSolution
		{C54DB552-69ED-4680-8763-BC7D946708AB}.Debug|Any CPU.ActiveCfg = Debug|Any CPU
		{C54DB552-69ED-4680-8763-BC7D946708AB}.Debug|Any CPU.Build.0 = Debug|Any CPU
		{C54DB552-69ED-4680-8763-BC7D946708AB}.Release|Any CPU.ActiveCfg = Release|Any CPU
		{C54DB552-69ED-4680-8763-BC7D946708AB}.Release|Any CPU.Build.0 = Release|Any CPU
	EndGlobalSection
	GlobalSection(SolutionProperties) = preSolution
		HideSolutionNode = FALSE
	EndGlobalSection
	GlobalSection(ExtensibilityGlobals) = postSolution
		SolutionGuid = {A9975967-89E2-4D75-AFD8-535EC75D3A2C}
	EndGlobalSection
EndGlobal
